// !$*UTF8*$!
{
	archiveVersion = 1;
	classes = {
	};
	objectVersion = 55;
	objects = {

/* Begin PBXBuildFile section */
		69A09CFB2705BBDD0018B4C3 /* AppDelegate.swift in Sources */ = {isa = PBXBuildFile; fileRef = 69A09CFA2705BBDD0018B4C3 /* AppDelegate.swift */; };
		69A09CFD2705BBDD0018B4C3 /* SceneDelegate.swift in Sources */ = {isa = PBXBuildFile; fileRef = 69A09CFC2705BBDD0018B4C3 /* SceneDelegate.swift */; };
		69A09D052705BBDD0018B4C3 /* todo.xcdatamodeld in Sources */ = {isa = PBXBuildFile; fileRef = 69A09D032705BBDD0018B4C3 /* todo.xcdatamodeld */; };
		69A09D072705BBDE0018B4C3 /* Assets.xcassets in Resources */ = {isa = PBXBuildFile; fileRef = 69A09D062705BBDE0018B4C3 /* Assets.xcassets */; };
		69A09D0A2705BBDE0018B4C3 /* LaunchScreen.storyboard in Resources */ = {isa = PBXBuildFile; fileRef = 69A09D082705BBDE0018B4C3 /* LaunchScreen.storyboard */; };
		69A09D192705C39F0018B4C3 /* ListedPresenter.swift in Sources */ = {isa = PBXBuildFile; fileRef = 69A09D182705C39F0018B4C3 /* ListedPresenter.swift */; };
		69A09D1B2705C4C20018B4C3 /* ListedInteractor.swift in Sources */ = {isa = PBXBuildFile; fileRef = 69A09D1A2705C4C20018B4C3 /* ListedInteractor.swift */; };
		69A09D1D2705D14B0018B4C3 /* ToDo.swift in Sources */ = {isa = PBXBuildFile; fileRef = 69A09D1C2705D14B0018B4C3 /* ToDo.swift */; };
		69A09D2127060A290018B4C3 /* ListedRouter.swift in Sources */ = {isa = PBXBuildFile; fileRef = 69A09D2027060A290018B4C3 /* ListedRouter.swift */; };
		69A09D28270628940018B4C3 /* ListedViewController.swift in Sources */ = {isa = PBXBuildFile; fileRef = 69A09D26270628940018B4C3 /* ListedViewController.swift */; };
		69A09D29270628940018B4C3 /* ListedViewController.xib in Resources */ = {isa = PBXBuildFile; fileRef = 69A09D27270628940018B4C3 /* ListedViewController.xib */; };
/* End PBXBuildFile section */

/* Begin PBXFileReference section */
		69A09CF72705BBDD0018B4C3 /* todo.app */ = {isa = PBXFileReference; explicitFileType = wrapper.application; includeInIndex = 0; path = todo.app; sourceTree = BUILT_PRODUCTS_DIR; };
		69A09CFA2705BBDD0018B4C3 /* AppDelegate.swift */ = {isa = PBXFileReference; lastKnownFileType = sourcecode.swift; path = AppDelegate.swift; sourceTree = "<group>"; };
		69A09CFC2705BBDD0018B4C3 /* SceneDelegate.swift */ = {isa = PBXFileReference; lastKnownFileType = sourcecode.swift; path = SceneDelegate.swift; sourceTree = "<group>"; };
		69A09D042705BBDD0018B4C3 /* todo.xcdatamodel */ = {isa = PBXFileReference; lastKnownFileType = wrapper.xcdatamodel; path = todo.xcdatamodel; sourceTree = "<group>"; };
		69A09D062705BBDE0018B4C3 /* Assets.xcassets */ = {isa = PBXFileReference; lastKnownFileType = folder.assetcatalog; path = Assets.xcassets; sourceTree = "<group>"; };
		69A09D092705BBDE0018B4C3 /* Base */ = {isa = PBXFileReference; lastKnownFileType = file.storyboard; name = Base; path = Base.lproj/LaunchScreen.storyboard; sourceTree = "<group>"; };
		69A09D0B2705BBDE0018B4C3 /* Info.plist */ = {isa = PBXFileReference; lastKnownFileType = text.plist.xml; path = Info.plist; sourceTree = "<group>"; };
		69A09D182705C39F0018B4C3 /* ListedPresenter.swift */ = {isa = PBXFileReference; lastKnownFileType = sourcecode.swift; path = ListedPresenter.swift; sourceTree = "<group>"; };
		69A09D1A2705C4C20018B4C3 /* ListedInteractor.swift */ = {isa = PBXFileReference; lastKnownFileType = sourcecode.swift; path = ListedInteractor.swift; sourceTree = "<group>"; };
		69A09D1C2705D14B0018B4C3 /* ToDo.swift */ = {isa = PBXFileReference; lastKnownFileType = sourcecode.swift; path = ToDo.swift; sourceTree = "<group>"; };
		69A09D2027060A290018B4C3 /* ListedRouter.swift */ = {isa = PBXFileReference; lastKnownFileType = sourcecode.swift; path = ListedRouter.swift; sourceTree = "<group>"; };
		69A09D26270628940018B4C3 /* ListedViewController.swift */ = {isa = PBXFileReference; lastKnownFileType = sourcecode.swift; path = ListedViewController.swift; sourceTree = "<group>"; };
		69A09D27270628940018B4C3 /* ListedViewController.xib */ = {isa = PBXFileReference; lastKnownFileType = file.xib; path = ListedViewController.xib; sourceTree = "<group>"; };
/* End PBXFileReference section */

/* Begin PBXFrameworksBuildPhase section */
		69A09CF42705BBDD0018B4C3 /* Frameworks */ = {
			isa = PBXFrameworksBuildPhase;
			buildActionMask = 2147483647;
			files = (
			);
			runOnlyForDeploymentPostprocessing = 0;
		};
/* End PBXFrameworksBuildPhase section */

/* Begin PBXGroup section */
		69A09CEE2705BBDD0018B4C3 = {
			isa = PBXGroup;
			children = (
				69A09CF92705BBDD0018B4C3 /* todo */,
				69A09CF82705BBDD0018B4C3 /* Products */,
			);
			sourceTree = "<group>";
		};
		69A09CF82705BBDD0018B4C3 /* Products */ = {
			isa = PBXGroup;
			children = (
				69A09CF72705BBDD0018B4C3 /* todo.app */,
			);
			name = Products;
			sourceTree = "<group>";
		};
		69A09CF92705BBDD0018B4C3 /* todo */ = {
			isa = PBXGroup;
			children = (
				69A09D1C2705D14B0018B4C3 /* ToDo.swift */,
				69A09D112705BBFF0018B4C3 /* listed todo */,
				69A09CFA2705BBDD0018B4C3 /* AppDelegate.swift */,
				69A09CFC2705BBDD0018B4C3 /* SceneDelegate.swift */,
				69A09D062705BBDE0018B4C3 /* Assets.xcassets */,
				69A09D082705BBDE0018B4C3 /* LaunchScreen.storyboard */,
				69A09D0B2705BBDE0018B4C3 /* Info.plist */,
				69A09D032705BBDD0018B4C3 /* todo.xcdatamodeld */,
			);
			path = todo;
			sourceTree = "<group>";
		};
		69A09D112705BBFF0018B4C3 /* listed todo */ = {
			isa = PBXGroup;
			children = (
				69A09D122705BC250018B4C3 /* view */,
				69A09D132705BC330018B4C3 /* interactor */,
				69A09D142705BC620018B4C3 /* presenter */,
				69A09D152705BC700018B4C3 /* router */,
			);
			path = "listed todo";
			sourceTree = "<group>";
		};
		69A09D122705BC250018B4C3 /* view */ = {
			isa = PBXGroup;
			children = (
				69A09D26270628940018B4C3 /* ListedViewController.swift */,
				69A09D27270628940018B4C3 /* ListedViewController.xib */,
			);
			path = view;
			sourceTree = "<group>";
		};
		69A09D132705BC330018B4C3 /* interactor */ = {
			isa = PBXGroup;
			children = (
				69A09D1A2705C4C20018B4C3 /* ListedInteractor.swift */,
			);
			path = interactor;
			sourceTree = "<group>";
		};
		69A09D142705BC620018B4C3 /* presenter */ = {
			isa = PBXGroup;
			children = (
				69A09D182705C39F0018B4C3 /* ListedPresenter.swift */,
			);
			path = presenter;
			sourceTree = "<group>";
		};
		69A09D152705BC700018B4C3 /* router */ = {
			isa = PBXGroup;
			children = (
				69A09D2027060A290018B4C3 /* ListedRouter.swift */,
			);
			path = router;
			sourceTree = "<group>";
		};
/* End PBXGroup section */

/* Begin PBXNativeTarget section */
		69A09CF62705BBDD0018B4C3 /* todo */ = {
			isa = PBXNativeTarget;
			buildConfigurationList = 69A09D0E2705BBDE0018B4C3 /* Build configuration list for PBXNativeTarget "todo" */;
			buildPhases = (
				69A09CF32705BBDD0018B4C3 /* Sources */,
				69A09CF42705BBDD0018B4C3 /* Frameworks */,
				69A09CF52705BBDD0018B4C3 /* Resources */,
			);
			buildRules = (
			);
			dependencies = (
			);
			name = todo;
			productName = todo;
			productReference = 69A09CF72705BBDD0018B4C3 /* todo.app */;
			productType = "com.apple.product-type.application";
		};
/* End PBXNativeTarget section */

/* Begin PBXProject section */
		69A09CEF2705BBDD0018B4C3 /* Project object */ = {
			isa = PBXProject;
			attributes = {
				BuildIndependentTargetsInParallel = 1;
				LastSwiftUpdateCheck = 1300;
				LastUpgradeCheck = 1300;
				TargetAttributes = {
					69A09CF62705BBDD0018B4C3 = {
						CreatedOnToolsVersion = 13.0;
					};
				};
			};
			buildConfigurationList = 69A09CF22705BBDD0018B4C3 /* Build configuration list for PBXProject "todo" */;
			compatibilityVersion = "Xcode 13.0";
			developmentRegion = en;
			hasScannedForEncodings = 0;
			knownRegions = (
				en,
				Base,
			);
			mainGroup = 69A09CEE2705BBDD0018B4C3;
			productRefGroup = 69A09CF82705BBDD0018B4C3 /* Products */;
			projectDirPath = "";
			projectRoot = "";
			targets = (
				69A09CF62705BBDD0018B4C3 /* todo */,
			);
		};
/* End PBXProject section */

/* Begin PBXResourcesBuildPhase section */
		69A09CF52705BBDD0018B4C3 /* Resources */ = {
			isa = PBXResourcesBuildPhase;
			buildActionMask = 2147483647;
			files = (
				69A09D0A2705BBDE0018B4C3 /* LaunchScreen.storyboard in Resources */,
				69A09D29270628940018B4C3 /* ListedViewController.xib in Resources */,
				69A09D072705BBDE0018B4C3 /* Assets.xcassets in Resources */,
			);
			runOnlyForDeploymentPostprocessing = 0;
		};
/* End PBXResourcesBuildPhase section */

/* Begin PBXSourcesBuildPhase section */
		69A09CF32705BBDD0018B4C3 /* Sources */ = {
			isa = PBXSourcesBuildPhase;
			buildActionMask = 2147483647;
			files = (
				69A09CFB2705BBDD0018B4C3 /* AppDelegate.swift in Sources */,
				69A09D28270628940018B4C3 /* ListedViewController.swift in Sources */,
				69A09CFD2705BBDD0018B4C3 /* SceneDelegate.swift in Sources */,
				69A09D2127060A290018B4C3 /* ListedRouter.swift in Sources */,
				69A09D1D2705D14B0018B4C3 /* ToDo.swift in Sources */,
				69A09D192705C39F0018B4C3 /* ListedPresenter.swift in Sources */,
				69A09D052705BBDD0018B4C3 /* todo.xcdatamodeld in Sources */,
				69A09D1B2705C4C20018B4C3 /* ListedInteractor.swift in Sources */,
			);
			runOnlyForDeploymentPostprocessing = 0;
		};
/* End PBXSourcesBuildPhase section */

/* Begin PBXVariantGroup section */
		69A09D082705BBDE0018B4C3 /* LaunchScreen.storyboard */ = {
			isa = PBXVariantGroup;
			children = (
				69A09D092705BBDE0018B4C3 /* Base */,
			);
			name = LaunchScreen.storyboard;
			sourceTree = "<group>";
		};
/* End PBXVariantGroup section */

/* Begin XCBuildConfiguration section */
		69A09D0C2705BBDE0018B4C3 /* Debug */ = {
			isa = XCBuildConfiguration;
			buildSettings = {
				ALWAYS_SEARCH_USER_PATHS = NO;
				CLANG_ANALYZER_NONNULL = YES;
				CLANG_ANALYZER_NUMBER_OBJECT_CONVERSION = YES_AGGRESSIVE;
				CLANG_CXX_LANGUAGE_STANDARD = "gnu++17";
				CLANG_CXX_LIBRARY = "libc++";
				CLANG_ENABLE_MODULES = YES;
				CLANG_ENABLE_OBJC_ARC = YES;
				CLANG_ENABLE_OBJC_WEAK = YES;
				CLANG_WARN_BLOCK_CAPTURE_AUTORELEASING = YES;
				CLANG_WARN_BOOL_CONVERSION = YES;
				CLANG_WARN_COMMA = YES;
				CLANG_WARN_CONSTANT_CONVERSION = YES;
				CLANG_WARN_DEPRECATED_OBJC_IMPLEMENTATIONS = YES;
				CLANG_WARN_DIRECT_OBJC_ISA_USAGE = YES_ERROR;
				CLANG_WARN_DOCUMENTATION_COMMENTS = YES;
				CLANG_WARN_EMPTY_BODY = YES;
				CLANG_WARN_ENUM_CONVERSION = YES;
				CLANG_WARN_INFINITE_RECURSION = YES;
				CLANG_WARN_INT_CONVERSION = YES;
				CLANG_WARN_NON_LITERAL_NULL_CONVERSION = YES;
				CLANG_WARN_OBJC_IMPLICIT_RETAIN_SELF = YES;
				CLANG_WARN_OBJC_LITERAL_CONVERSION = YES;
				CLANG_WARN_OBJC_ROOT_CLASS = YES_ERROR;
				CLANG_WARN_QUOTED_INCLUDE_IN_FRAMEWORK_HEADER = YES;
				CLANG_WARN_RANGE_LOOP_ANALYSIS = YES;
				CLANG_WARN_STRICT_PROTOTYPES = YES;
				CLANG_WARN_SUSPICIOUS_MOVE = YES;
				CLANG_WARN_UNGUARDED_AVAILABILITY = YES_AGGRESSIVE;
				CLANG_WARN_UNREACHABLE_CODE = YES;
				CLANG_WARN__DUPLICATE_METHOD_MATCH = YES;
				COPY_PHASE_STRIP = NO;
				DEBUG_INFORMATION_FORMAT = dwarf;
				ENABLE_STRICT_OBJC_MSGSEND = YES;
				ENABLE_TESTABILITY = YES;
				GCC_C_LANGUAGE_STANDARD = gnu11;
				GCC_DYNAMIC_NO_PIC = NO;
				GCC_NO_COMMON_BLOCKS = YES;
				GCC_OPTIMIZATION_LEVEL = 0;
				GCC_PREPROCESSOR_DEFINITIONS = (
					"DEBUG=1",
					"$(inherited)",
				);
				GCC_WARN_64_TO_32_BIT_CONVERSION = YES;
				GCC_WARN_ABOUT_RETURN_TYPE = YES_ERROR;
				GCC_WARN_UNDECLARED_SELECTOR = YES;
				GCC_WARN_UNINITIALIZED_AUTOS = YES_AGGRESSIVE;
				GCC_WARN_UNUSED_FUNCTION = YES;
				GCC_WARN_UNUSED_VARIABLE = YES;
				IPHONEOS_DEPLOYMENT_TARGET = 15.0;
				MTL_ENABLE_DEBUG_INFO = INCLUDE_SOURCE;
				MTL_FAST_MATH = YES;
				ONLY_ACTIVE_ARCH = YES;
				SDKROOT = iphoneos;
				SWIFT_ACTIVE_COMPILATION_CONDITIONS = DEBUG;
				SWIFT_OPTIMIZATION_LEVEL = "-Onone";
			};
			name = Debug;
		};
		69A09D0D2705BBDE0018B4C3 /* Release */ = {
			isa = XCBuildConfiguration;
			buildSettings = {
				ALWAYS_SEARCH_USER_PATHS = NO;
				CLANG_ANALYZER_NONNULL = YES;
				CLANG_ANALYZER_NUMBER_OBJECT_CONVERSION = YES_AGGRESSIVE;
				CLANG_CXX_LANGUAGE_STANDARD = "gnu++17";
				CLANG_CXX_LIBRARY = "libc++";
				CLANG_ENABLE_MODULES = YES;
				CLANG_ENABLE_OBJC_ARC = YES;
				CLANG_ENABLE_OBJC_WEAK = YES;
				CLANG_WARN_BLOCK_CAPTURE_AUTORELEASING = YES;
				CLANG_WARN_BOOL_CONVERSION = YES;
				CLANG_WARN_COMMA = YES;
				CLANG_WARN_CONSTANT_CONVERSION = YES;
				CLANG_WARN_DEPRECATED_OBJC_IMPLEMENTATIONS = YES;
				CLANG_WARN_DIRECT_OBJC_ISA_USAGE = YES_ERROR;
				CLANG_WARN_DOCUMENTATION_COMMENTS = YES;
				CLANG_WARN_EMPTY_BODY = YES;
				CLANG_WARN_ENUM_CONVERSION = YES;
				CLANG_WARN_INFINITE_RECURSION = YES;
				CLANG_WARN_INT_CONVERSION = YES;
				CLANG_WARN_NON_LITERAL_NULL_CONVERSION = YES;
				CLANG_WARN_OBJC_IMPLICIT_RETAIN_SELF = YES;
				CLANG_WARN_OBJC_LITERAL_CONVERSION = YES;
				CLANG_WARN_OBJC_ROOT_CLASS = YES_ERROR;
				CLANG_WARN_QUOTED_INCLUDE_IN_FRAMEWORK_HEADER = YES;
				CLANG_WARN_RANGE_LOOP_ANALYSIS = YES;
				CLANG_WARN_STRICT_PROTOTYPES = YES;
				CLANG_WARN_SUSPICIOUS_MOVE = YES;
				CLANG_WARN_UNGUARDED_AVAILABILITY = YES_AGGRESSIVE;
				CLANG_WARN_UNREACHABLE_CODE = YES;
				CLANG_WARN__DUPLICATE_METHOD_MATCH = YES;
				COPY_PHASE_STRIP = NO;
				DEBUG_INFORMATION_FORMAT = "dwarf-with-dsym";
				ENABLE_NS_ASSERTIONS = NO;
				ENABLE_STRICT_OBJC_MSGSEND = YES;
				GCC_C_LANGUAGE_STANDARD = gnu11;
				GCC_NO_COMMON_BLOCKS = YES;
				GCC_WARN_64_TO_32_BIT_CONVERSION = YES;
				GCC_WARN_ABOUT_RETURN_TYPE = YES_ERROR;
				GCC_WARN_UNDECLARED_SELECTOR = YES;
				GCC_WARN_UNINITIALIZED_AUTOS = YES_AGGRESSIVE;
				GCC_WARN_UNUSED_FUNCTION = YES;
				GCC_WARN_UNUSED_VARIABLE = YES;
				IPHONEOS_DEPLOYMENT_TARGET = 15.0;
				MTL_ENABLE_DEBUG_INFO = NO;
				MTL_FAST_MATH = YES;
				SDKROOT = iphoneos;
				SWIFT_COMPILATION_MODE = wholemodule;
				SWIFT_OPTIMIZATION_LEVEL = "-O";
				VALIDATE_PRODUCT = YES;
			};
			name = Release;
		};
		69A09D0F2705BBDE0018B4C3 /* Debug */ = {
			isa = XCBuildConfiguration;
			buildSettings = {
				ASSETCATALOG_COMPILER_APPICON_NAME = AppIcon;
				ASSETCATALOG_COMPILER_GLOBAL_ACCENT_COLOR_NAME = AccentColor;
				CODE_SIGN_STYLE = Automatic;
				CURRENT_PROJECT_VERSION = 1;
				DEVELOPMENT_TEAM = N3NF25X5WL;
				GENERATE_INFOPLIST_FILE = YES;
				INFOPLIST_FILE = todo/Info.plist;
				INFOPLIST_KEY_UIApplicationSupportsIndirectInputEvents = YES;
				INFOPLIST_KEY_UILaunchStoryboardName = LaunchScreen;
				INFOPLIST_KEY_UISupportedInterfaceOrientations_iPad = "UIInterfaceOrientationPortrait UIInterfaceOrientationPortraitUpsideDown UIInterfaceOrientationLandscapeLeft UIInterfaceOrientationLandscapeRight";
				INFOPLIST_KEY_UISupportedInterfaceOrientations_iPhone = "UIInterfaceOrientationPortrait UIInterfaceOrientationLandscapeLeft UIInterfaceOrientationLandscapeRight";
				LD_RUNPATH_SEARCH_PATHS = (
					"$(inherited)",
					"@executable_path/Frameworks",
				);
				MARKETING_VERSION = 1.0;
				PRODUCT_BUNDLE_IDENTIFIER = com.enesnkendirci.todo;
				PRODUCT_NAME = "$(TARGET_NAME)";
				SWIFT_EMIT_LOC_STRINGS = YES;
				SWIFT_VERSION = 5.0;
				TARGETED_DEVICE_FAMILY = "1,2";
			};
			name = Debug;
		};
		69A09D102705BBDE0018B4C3 /* Release */ = {
			isa = XCBuildConfiguration;
			buildSettings = {
				ASSETCATALOG_COMPILER_APPICON_NAME = AppIcon;
				ASSETCATALOG_COMPILER_GLOBAL_ACCENT_COLOR_NAME = AccentColor;
				CODE_SIGN_STYLE = Automatic;
				CURRENT_PROJECT_VERSION = 1;
				DEVELOPMENT_TEAM = N3NF25X5WL;
				GENERATE_INFOPLIST_FILE = YES;
				INFOPLIST_FILE = todo/Info.plist;
				INFOPLIST_KEY_UIApplicationSupportsIndirectInputEvents = YES;
				INFOPLIST_KEY_UILaunchStoryboardName = LaunchScreen;
				INFOPLIST_KEY_UISupportedInterfaceOrientations_iPad = "UIInterfaceOrientationPortrait UIInterfaceOrientationPortraitUpsideDown UIInterfaceOrientationLandscapeLeft UIInterfaceOrientationLandscapeRight";
				INFOPLIST_KEY_UISupportedInterfaceOrientations_iPhone = "UIInterfaceOrientationPortrait UIInterfaceOrientationLandscapeLeft UIInterfaceOrientationLandscapeRight";
				LD_RUNPATH_SEARCH_PATHS = (
					"$(inherited)",
					"@executable_path/Frameworks",
				);
				MARKETING_VERSION = 1.0;
				PRODUCT_BUNDLE_IDENTIFIER = com.enesnkendirci.todo;
				PRODUCT_NAME = "$(TARGET_NAME)";
				SWIFT_EMIT_LOC_STRINGS = YES;
				SWIFT_VERSION = 5.0;
				TARGETED_DEVICE_FAMILY = "1,2";
			};
			name = Release;
		};
/* End XCBuildConfiguration section */

/* Begin XCConfigurationList section */
		69A09CF22705BBDD0018B4C3 /* Build configuration list for PBXProject "todo" */ = {
			isa = XCConfigurationList;
			buildConfigurations = (
				69A09D0C2705BBDE0018B4C3 /* Debug */,
				69A09D0D2705BBDE0018B4C3 /* Release */,
			);
			defaultConfigurationIsVisible = 0;
			defaultConfigurationName = Release;
		};
		69A09D0E2705BBDE0018B4C3 /* Build configuration list for PBXNativeTarget "todo" */ = {
			isa = XCConfigurationList;
			buildConfigurations = (
				69A09D0F2705BBDE0018B4C3 /* Debug */,
				69A09D102705BBDE0018B4C3 /* Release */,
			);
			defaultConfigurationIsVisible = 0;
			defaultConfigurationName = Release;
		};
/* End XCConfigurationList section */

/* Begin XCVersionGroup section */
		69A09D032705BBDD0018B4C3 /* todo.xcdatamodeld */ = {
			isa = XCVersionGroup;
			children = (
				69A09D042705BBDD0018B4C3 /* todo.xcdatamodel */,
			);
			currentVersion = 69A09D042705BBDD0018B4C3 /* todo.xcdatamodel */;
			path = todo.xcdatamodeld;
			sourceTree = "<group>";
			versionGroupType = wrapper.xcdatamodel;
		};
/* End XCVersionGroup section */
	};
	rootObject = 69A09CEF2705BBDD0018B4C3 /* Project object */;
}
